
Microsoft Visual Studio Solution File, Format Version 12.00
# Visual Studio Version 17
VisualStudioVersion = 17.1.32127.271
MinimumVisualStudioVersion = 10.0.40219.1
Project("{FAE04EC0-301F-11D3-BF4B-00C04F79EFBC}") = "DentistOffice", "DentistOffice\DentistOffice.csproj", "{66734F6E-2C73-4D92-9936-0C5BD73FEB29}"
EndProject
Global
	GlobalSection(SolutionConfigurationPlatforms) = preSolution
		Debug|Any CPU = Debug|Any CPU
		Release|Any CPU = Release|Any CPU
	EndGlobalSection
	GlobalSection(ProjectConfigurationPlatforms) = postSolution
		{66734F6E-2C73-4D92-9936-0C5BD73FEB29}.Debug|Any CPU.ActiveCfg = Debug|Any CPU
		{66734F6E-2C73-4D92-9936-0C5BD73FEB29}.Debug|Any CPU.Build.0 = Debug|Any CPU
		{66734F6E-2C73-4D92-9936-0C5BD73FEB29}.Release|Any CPU.ActiveCfg = Release|Any CPU
		{66734F6E-2C73-4D92-9936-0C5BD73FEB29}.Release|Any CPU.Build.0 = Release|Any CPU
	EndGlobalSection
	GlobalSection(SolutionProperties) = preSolution
		HideSolutionNode = FALSE
	EndGlobalSection
	GlobalSection(ExtensibilityGlobals) = postSolution
		SolutionGuid = {1162D3C9-49B6-446F-AAC3-BF92C65D5297}
	EndGlobalSection
EndGlobal
